// !$*UTF8*$!
{
	archiveVersion = 1;
	classes = {
	};
	objectVersion = 48;
	objects = {

/* Begin PBXBuildFile section */
		4989412C2022484400F3B58D /* AppDelegate.m in Sources */ = {isa = PBXBuildFile; fileRef = 4989412B2022484400F3B58D /* AppDelegate.m */; };
		4989412F2022484400F3B58D /* TableViewController.m in Sources */ = {isa = PBXBuildFile; fileRef = 4989412E2022484400F3B58D /* TableViewController.m */; };
		498941322022484400F3B58D /* Main.storyboard in Resources */ = {isa = PBXBuildFile; fileRef = 498941302022484400F3B58D /* Main.storyboard */; };
		498941342022484400F3B58D /* Assets.xcassets in Resources */ = {isa = PBXBuildFile; fileRef = 498941332022484400F3B58D /* Assets.xcassets */; };
		498941372022484400F3B58D /* LaunchScreen.storyboard in Resources */ = {isa = PBXBuildFile; fileRef = 498941352022484400F3B58D /* LaunchScreen.storyboard */; };
		4989413A2022484400F3B58D /* main.m in Sources */ = {isa = PBXBuildFile; fileRef = 498941392022484400F3B58D /* main.m */; };
		498941442022484400F3B58D /* DemoTests.m in Sources */ = {isa = PBXBuildFile; fileRef = 498941432022484400F3B58D /* DemoTests.m */; };
		4989414F2022484400F3B58D /* DemoUITests.m in Sources */ = {isa = PBXBuildFile; fileRef = 4989414E2022484400F3B58D /* DemoUITests.m */; };
		49894168202264AE00F3B58D /* DetailViewController.m in Sources */ = {isa = PBXBuildFile; fileRef = 49894167202264AE00F3B58D /* DetailViewController.m */; };
		EB10E01820227BB60062644F /* TableViewCell.m in Sources */ = {isa = PBXBuildFile; fileRef = EB10E01720227BB60062644F /* TableViewCell.m */; };
/* End PBXBuildFile section */

/* Begin PBXContainerItemProxy section */
		498941402022484400F3B58D /* PBXContainerItemProxy */ = {
			isa = PBXContainerItemProxy;
			containerPortal = 4989411F2022484400F3B58D /* Project object */;
			proxyType = 1;
			remoteGlobalIDString = 498941262022484400F3B58D;
			remoteInfo = Demo;
		};
		4989414B2022484400F3B58D /* PBXContainerItemProxy */ = {
			isa = PBXContainerItemProxy;
			containerPortal = 4989411F2022484400F3B58D /* Project object */;
			proxyType = 1;
			remoteGlobalIDString = 498941262022484400F3B58D;
			remoteInfo = Demo;
		};
/* End PBXContainerItemProxy section */

/* Begin PBXFileReference section */
		498941272022484400F3B58D /* Demo.app */ = {isa = PBXFileReference; explicitFileType = wrapper.application; includeInIndex = 0; path = Demo.app; sourceTree = BUILT_PRODUCTS_DIR; };
		4989412A2022484400F3B58D /* AppDelegate.h */ = {isa = PBXFileReference; lastKnownFileType = sourcecode.c.h; path = AppDelegate.h; sourceTree = "<group>"; };
		4989412B2022484400F3B58D /* AppDelegate.m */ = {isa = PBXFileReference; lastKnownFileType = sourcecode.c.objc; path = AppDelegate.m; sourceTree = "<group>"; };
		4989412D2022484400F3B58D /* TableViewController.h */ = {isa = PBXFileReference; lastKnownFileType = sourcecode.c.h; path = TableViewController.h; sourceTree = "<group>"; };
		4989412E2022484400F3B58D /* TableViewController.m */ = {isa = PBXFileReference; lastKnownFileType = sourcecode.c.objc; path = TableViewController.m; sourceTree = "<group>"; };
		498941312022484400F3B58D /* Base */ = {isa = PBXFileReference; lastKnownFileType = file.storyboard; name = Base; path = Base.lproj/Main.storyboard; sourceTree = "<group>"; };
		498941332022484400F3B58D /* Assets.xcassets */ = {isa = PBXFileReference; lastKnownFileType = folder.assetcatalog; path = Assets.xcassets; sourceTree = "<group>"; };
		498941362022484400F3B58D /* Base */ = {isa = PBXFileReference; lastKnownFileType = file.storyboard; name = Base; path = Base.lproj/LaunchScreen.storyboard; sourceTree = "<group>"; };
		498941382022484400F3B58D /* Info.plist */ = {isa = PBXFileReference; lastKnownFileType = text.plist.xml; path = Info.plist; sourceTree = "<group>"; };
		498941392022484400F3B58D /* main.m */ = {isa = PBXFileReference; lastKnownFileType = sourcecode.c.objc; path = main.m; sourceTree = "<group>"; };
		4989413F2022484400F3B58D /* DemoTests.xctest */ = {isa = PBXFileReference; explicitFileType = wrapper.cfbundle; includeInIndex = 0; path = DemoTests.xctest; sourceTree = BUILT_PRODUCTS_DIR; };
		498941432022484400F3B58D /* DemoTests.m */ = {isa = PBXFileReference; lastKnownFileType = sourcecode.c.objc; path = DemoTests.m; sourceTree = "<group>"; };
		498941452022484400F3B58D /* Info.plist */ = {isa = PBXFileReference; lastKnownFileType = text.plist.xml; path = Info.plist; sourceTree = "<group>"; };
		4989414A2022484400F3B58D /* DemoUITests.xctest */ = {isa = PBXFileReference; explicitFileType = wrapper.cfbundle; includeInIndex = 0; path = DemoUITests.xctest; sourceTree = BUILT_PRODUCTS_DIR; };
		4989414E2022484400F3B58D /* DemoUITests.m */ = {isa = PBXFileReference; lastKnownFileType = sourcecode.c.objc; path = DemoUITests.m; sourceTree = "<group>"; };
		498941502022484400F3B58D /* Info.plist */ = {isa = PBXFileReference; lastKnownFileType = text.plist.xml; path = Info.plist; sourceTree = "<group>"; };
		49894166202264AE00F3B58D /* DetailViewController.h */ = {isa = PBXFileReference; lastKnownFileType = sourcecode.c.h; path = DetailViewController.h; sourceTree = "<group>"; };
		49894167202264AE00F3B58D /* DetailViewController.m */ = {isa = PBXFileReference; lastKnownFileType = sourcecode.c.objc; path = DetailViewController.m; sourceTree = "<group>"; };
		EB10E01620227BB60062644F /* TableViewCell.h */ = {isa = PBXFileReference; lastKnownFileType = sourcecode.c.h; path = TableViewCell.h; sourceTree = "<group>"; };
		EB10E01720227BB60062644F /* TableViewCell.m */ = {isa = PBXFileReference; lastKnownFileType = sourcecode.c.objc; path = TableViewCell.m; sourceTree = "<group>"; };
/* End PBXFileReference section */

/* Begin PBXFrameworksBuildPhase section */
		498941242022484400F3B58D /* Frameworks */ = {
			isa = PBXFrameworksBuildPhase;
			buildActionMask = 2147483647;
			files = (
			);
			runOnlyForDeploymentPostprocessing = 0;
		};
		4989413C2022484400F3B58D /* Frameworks */ = {
			isa = PBXFrameworksBuildPhase;
			buildActionMask = 2147483647;
			files = (
			);
			runOnlyForDeploymentPostprocessing = 0;
		};
		498941472022484400F3B58D /* Frameworks */ = {
			isa = PBXFrameworksBuildPhase;
			buildActionMask = 2147483647;
			files = (
			);
			runOnlyForDeploymentPostprocessing = 0;
		};
/* End PBXFrameworksBuildPhase section */

/* Begin PBXGroup section */
		4989411E2022484400F3B58D = {
			isa = PBXGroup;
			children = (
				498941292022484400F3B58D /* Demo */,
				498941422022484400F3B58D /* DemoTests */,
				4989414D2022484400F3B58D /* DemoUITests */,
				498941282022484400F3B58D /* Products */,
			);
			sourceTree = "<group>";
		};
		498941282022484400F3B58D /* Products */ = {
			isa = PBXGroup;
			children = (
				498941272022484400F3B58D /* Demo.app */,
				4989413F2022484400F3B58D /* DemoTests.xctest */,
				4989414A2022484400F3B58D /* DemoUITests.xctest */,
			);
			name = Products;
			sourceTree = "<group>";
		};
		498941292022484400F3B58D /* Demo */ = {
			isa = PBXGroup;
			children = (
				4989412A2022484400F3B58D /* AppDelegate.h */,
				4989412B2022484400F3B58D /* AppDelegate.m */,
				4989412D2022484400F3B58D /* TableViewController.h */,
				4989412E2022484400F3B58D /* TableViewController.m */,
				EB10E01620227BB60062644F /* TableViewCell.h */,
				EB10E01720227BB60062644F /* TableViewCell.m */,
				49894166202264AE00F3B58D /* DetailViewController.h */,
				49894167202264AE00F3B58D /* DetailViewController.m */,
				498941332022484400F3B58D /* Assets.xcassets */,
				498941302022484400F3B58D /* Main.storyboard */,
				498941352022484400F3B58D /* LaunchScreen.storyboard */,
				498941382022484400F3B58D /* Info.plist */,
				498941392022484400F3B58D /* main.m */,
			);
			path = Demo;
			sourceTree = "<group>";
		};
		498941422022484400F3B58D /* DemoTests */ = {
			isa = PBXGroup;
			children = (
				498941432022484400F3B58D /* DemoTests.m */,
				498941452022484400F3B58D /* Info.plist */,
			);
			path = DemoTests;
			sourceTree = "<group>";
		};
		4989414D2022484400F3B58D /* DemoUITests */ = {
			isa = PBXGroup;
			children = (
				4989414E2022484400F3B58D /* DemoUITests.m */,
				498941502022484400F3B58D /* Info.plist */,
			);
			path = DemoUITests;
			sourceTree = "<group>";
		};
/* End PBXGroup section */

/* Begin PBXNativeTarget section */
		498941262022484400F3B58D /* Demo */ = {
			isa = PBXNativeTarget;
			buildConfigurationList = 498941532022484400F3B58D /* Build configuration list for PBXNativeTarget "Demo" */;
			buildPhases = (
				498941232022484400F3B58D /* Sources */,
				498941242022484400F3B58D /* Frameworks */,
				498941252022484400F3B58D /* Resources */,
			);
			buildRules = (
			);
			dependencies = (
			);
			name = Demo;
			productName = Demo;
			productReference = 498941272022484400F3B58D /* Demo.app */;
			productType = "com.apple.product-type.application";
		};
		4989413E2022484400F3B58D /* DemoTests */ = {
			isa = PBXNativeTarget;
			buildConfigurationList = 498941562022484400F3B58D /* Build configuration list for PBXNativeTarget "DemoTests" */;
			buildPhases = (
				4989413B2022484400F3B58D /* Sources */,
				4989413C2022484400F3B58D /* Frameworks */,
				4989413D2022484400F3B58D /* Resources */,
			);
			buildRules = (
			);
			dependencies = (
				498941412022484400F3B58D /* PBXTargetDependency */,
			);
			name = DemoTests;
			productName = DemoTests;
			productReference = 4989413F2022484400F3B58D /* DemoTests.xctest */;
			productType = "com.apple.product-type.bundle.unit-test";
		};
		498941492022484400F3B58D /* DemoUITests */ = {
			isa = PBXNativeTarget;
			buildConfigurationList = 498941592022484400F3B58D /* Build configuration list for PBXNativeTarget "DemoUITests" */;
			buildPhases = (
				498941462022484400F3B58D /* Sources */,
				498941472022484400F3B58D /* Frameworks */,
				498941482022484400F3B58D /* Resources */,
			);
			buildRules = (
			);
			dependencies = (
				4989414C2022484400F3B58D /* PBXTargetDependency */,
			);
			name = DemoUITests;
			productName = DemoUITests;
			productReference = 4989414A2022484400F3B58D /* DemoUITests.xctest */;
			productType = "com.apple.product-type.bundle.ui-testing";
		};
/* End PBXNativeTarget section */

/* Begin PBXProject section */
		4989411F2022484400F3B58D /* Project object */ = {
			isa = PBXProject;
			attributes = {
				LastUpgradeCheck = 0920;
				ORGANIZATIONNAME = "Miguel Rodríguez Alonso";
				TargetAttributes = {
					498941262022484400F3B58D = {
						CreatedOnToolsVersion = 9.2;
						ProvisioningStyle = Automatic;
					};
					4989413E2022484400F3B58D = {
						CreatedOnToolsVersion = 9.2;
						ProvisioningStyle = Automatic;
						TestTargetID = 498941262022484400F3B58D;
					};
					498941492022484400F3B58D = {
						CreatedOnToolsVersion = 9.2;
						ProvisioningStyle = Automatic;
						TestTargetID = 498941262022484400F3B58D;
					};
				};
			};
			buildConfigurationList = 498941222022484400F3B58D /* Build configuration list for PBXProject "Demo" */;
			compatibilityVersion = "Xcode 8.0";
			developmentRegion = en;
			hasScannedForEncodings = 0;
			knownRegions = (
				en,
				Base,
			);
			mainGroup = 4989411E2022484400F3B58D;
			productRefGroup = 498941282022484400F3B58D /* Products */;
			projectDirPath = "";
			projectRoot = "";
			targets = (
				498941262022484400F3B58D /* Demo */,
				4989413E2022484400F3B58D /* DemoTests */,
				498941492022484400F3B58D /* DemoUITests */,
			);
		};
/* End PBXProject section */

/* Begin PBXResourcesBuildPhase section */
		498941252022484400F3B58D /* Resources */ = {
			isa = PBXResourcesBuildPhase;
			buildActionMask = 2147483647;
			files = (
				498941372022484400F3B58D /* LaunchScreen.storyboard in Resources */,
				498941342022484400F3B58D /* Assets.xcassets in Resources */,
				498941322022484400F3B58D /* Main.storyboard in Resources */,
			);
			runOnlyForDeploymentPostprocessing = 0;
		};
		4989413D2022484400F3B58D /* Resources */ = {
			isa = PBXResourcesBuildPhase;
			buildActionMask = 2147483647;
			files = (
			);
			runOnlyForDeploymentPostprocessing = 0;
		};
		498941482022484400F3B58D /* Resources */ = {
			isa = PBXResourcesBuildPhase;
			buildActionMask = 2147483647;
			files = (
			);
			runOnlyForDeploymentPostprocessing = 0;
		};
/* End PBXResourcesBuildPhase section */

/* Begin PBXSourcesBuildPhase section */
		498941232022484400F3B58D /* Sources */ = {
			isa = PBXSourcesBuildPhase;
			buildActionMask = 2147483647;
			files = (
				4989412F2022484400F3B58D /* TableViewController.m in Sources */,
				4989413A2022484400F3B58D /* main.m in Sources */,
				4989412C2022484400F3B58D /* AppDelegate.m in Sources */,
				EB10E01820227BB60062644F /* TableViewCell.m in Sources */,
				49894168202264AE00F3B58D /* DetailViewController.m in Sources */,
			);
			runOnlyForDeploymentPostprocessing = 0;
		};
		4989413B2022484400F3B58D /* Sources */ = {
			isa = PBXSourcesBuildPhase;
			buildActionMask = 2147483647;
			files = (
				498941442022484400F3B58D /* DemoTests.m in Sources */,
			);
			runOnlyForDeploymentPostprocessing = 0;
		};
		498941462022484400F3B58D /* Sources */ = {
			isa = PBXSourcesBuildPhase;
			buildActionMask = 2147483647;
			files = (
				4989414F2022484400F3B58D /* DemoUITests.m in Sources */,
			);
			runOnlyForDeploymentPostprocessing = 0;
		};
/* End PBXSourcesBuildPhase section */

/* Begin PBXTargetDependency section */
		498941412022484400F3B58D /* PBXTargetDependency */ = {
			isa = PBXTargetDependency;
			target = 498941262022484400F3B58D /* Demo */;
			targetProxy = 498941402022484400F3B58D /* PBXContainerItemProxy */;
		};
		4989414C2022484400F3B58D /* PBXTargetDependency */ = {
			isa = PBXTargetDependency;
			target = 498941262022484400F3B58D /* Demo */;
			targetProxy = 4989414B2022484400F3B58D /* PBXContainerItemProxy */;
		};
/* End PBXTargetDependency section */

/* Begin PBXVariantGroup section */
		498941302022484400F3B58D /* Main.storyboard */ = {
			isa = PBXVariantGroup;
			children = (
				498941312022484400F3B58D /* Base */,
			);
			name = Main.storyboard;
			sourceTree = "<group>";
		};
		498941352022484400F3B58D /* LaunchScreen.storyboard */ = {
			isa = PBXVariantGroup;
			children = (
				498941362022484400F3B58D /* Base */,
			);
			name = LaunchScreen.storyboard;
			sourceTree = "<group>";
		};
/* End PBXVariantGroup section */

/* Begin XCBuildConfiguration section */
		498941512022484400F3B58D /* Debug */ = {
			isa = XCBuildConfiguration;
			buildSettings = {
				ALWAYS_SEARCH_USER_PATHS = NO;
				CLANG_ANALYZER_NONNULL = YES;
				CLANG_ANALYZER_NUMBER_OBJECT_CONVERSION = YES_AGGRESSIVE;
				CLANG_CXX_LANGUAGE_STANDARD = "gnu++14";
				CLANG_CXX_LIBRARY = "libc++";
				CLANG_ENABLE_MODULES = YES;
				CLANG_ENABLE_OBJC_ARC = YES;
				CLANG_WARN_BLOCK_CAPTURE_AUTORELEASING = YES;
				CLANG_WARN_BOOL_CONVERSION = YES;
				CLANG_WARN_COMMA = YES;
				CLANG_WARN_CONSTANT_CONVERSION = YES;
				CLANG_WARN_DIRECT_OBJC_ISA_USAGE = YES_ERROR;
				CLANG_WARN_DOCUMENTATION_COMMENTS = YES;
				CLANG_WARN_EMPTY_BODY = YES;
				CLANG_WARN_ENUM_CONVERSION = YES;
				CLANG_WARN_INFINITE_RECURSION = YES;
				CLANG_WARN_INT_CONVERSION = YES;
				CLANG_WARN_NON_LITERAL_NULL_CONVERSION = YES;
				CLANG_WARN_OBJC_LITERAL_CONVERSION = YES;
				CLANG_WARN_OBJC_ROOT_CLASS = YES_ERROR;
				CLANG_WARN_RANGE_LOOP_ANALYSIS = YES;
				CLANG_WARN_STRICT_PROTOTYPES = YES;
				CLANG_WARN_SUSPICIOUS_MOVE = YES;
				CLANG_WARN_UNGUARDED_AVAILABILITY = YES_AGGRESSIVE;
				CLANG_WARN_UNREACHABLE_CODE = YES;
				CLANG_WARN__DUPLICATE_METHOD_MATCH = YES;
				CODE_SIGN_IDENTITY = "iPhone Developer";
				COPY_PHASE_STRIP = NO;
				DEBUG_INFORMATION_FORMAT = dwarf;
				ENABLE_STRICT_OBJC_MSGSEND = YES;
				ENABLE_TESTABILITY = YES;
				GCC_C_LANGUAGE_STANDARD = gnu11;
				GCC_DYNAMIC_NO_PIC = NO;
				GCC_NO_COMMON_BLOCKS = YES;
				GCC_OPTIMIZATION_LEVEL = 0;
				GCC_PREPROCESSOR_DEFINITIONS = (
					"DEBUG=1",
					"$(inherited)",
				);
				GCC_WARN_64_TO_32_BIT_CONVERSION = YES;
				GCC_WARN_ABOUT_RETURN_TYPE = YES_ERROR;
				GCC_WARN_UNDECLARED_SELECTOR = YES;
				GCC_WARN_UNINITIALIZED_AUTOS = YES_AGGRESSIVE;
				GCC_WARN_UNUSED_FUNCTION = YES;
				GCC_WARN_UNUSED_VARIABLE = YES;
				IPHONEOS_DEPLOYMENT_TARGET = 11.2;
				MTL_ENABLE_DEBUG_INFO = YES;
				ONLY_ACTIVE_ARCH = YES;
				SDKROOT = iphoneos;
			};
			name = Debug;
		};
		498941522022484400F3B58D /* Release */ = {
			isa = XCBuildConfiguration;
			buildSettings = {
				ALWAYS_SEARCH_USER_PATHS = NO;
				CLANG_ANALYZER_NONNULL = YES;
				CLANG_ANALYZER_NUMBER_OBJECT_CONVERSION = YES_AGGRESSIVE;
				CLANG_CXX_LANGUAGE_STANDARD = "gnu++14";
				CLANG_CXX_LIBRARY = "libc++";
				CLANG_ENABLE_MODULES = YES;
				CLANG_ENABLE_OBJC_ARC = YES;
				CLANG_WARN_BLOCK_CAPTURE_AUTORELEASING = YES;
				CLANG_WARN_BOOL_CONVERSION = YES;
				CLANG_WARN_COMMA = YES;
				CLANG_WARN_CONSTANT_CONVERSION = YES;
				CLANG_WARN_DIRECT_OBJC_ISA_USAGE = YES_ERROR;
				CLANG_WARN_DOCUMENTATION_COMMENTS = YES;
				CLANG_WARN_EMPTY_BODY = YES;
				CLANG_WARN_ENUM_CONVERSION = YES;
				CLANG_WARN_INFINITE_RECURSION = YES;
				CLANG_WARN_INT_CONVERSION = YES;
				CLANG_WARN_NON_LITERAL_NULL_CONVERSION = YES;
				CLANG_WARN_OBJC_LITERAL_CONVERSION = YES;
				CLANG_WARN_OBJC_ROOT_CLASS = YES_ERROR;
				CLANG_WARN_RANGE_LOOP_ANALYSIS = YES;
				CLANG_WARN_STRICT_PROTOTYPES = YES;
				CLANG_WARN_SUSPICIOUS_MOVE = YES;
				CLANG_WARN_UNGUARDED_AVAILABILITY = YES_AGGRESSIVE;
				CLANG_WARN_UNREACHABLE_CODE = YES;
				CLANG_WARN__DUPLICATE_METHOD_MATCH = YES;
				CODE_SIGN_IDENTITY = "iPhone Developer";
				COPY_PHASE_STRIP = NO;
				DEBUG_INFORMATION_FORMAT = "dwarf-with-dsym";
				ENABLE_NS_ASSERTIONS = NO;
				ENABLE_STRICT_OBJC_MSGSEND = YES;
				GCC_C_LANGUAGE_STANDARD = gnu11;
				GCC_NO_COMMON_BLOCKS = YES;
				GCC_WARN_64_TO_32_BIT_CONVERSION = YES;
				GCC_WARN_ABOUT_RETURN_TYPE = YES_ERROR;
				GCC_WARN_UNDECLARED_SELECTOR = YES;
				GCC_WARN_UNINITIALIZED_AUTOS = YES_AGGRESSIVE;
				GCC_WARN_UNUSED_FUNCTION = YES;
				GCC_WARN_UNUSED_VARIABLE = YES;
				IPHONEOS_DEPLOYMENT_TARGET = 11.2;
				MTL_ENABLE_DEBUG_INFO = NO;
				SDKROOT = iphoneos;
				VALIDATE_PRODUCT = YES;
			};
			name = Release;
		};
		498941542022484400F3B58D /* Debug */ = {
			isa = XCBuildConfiguration;
			buildSettings = {
				ASSETCATALOG_COMPILER_APPICON_NAME = AppIcon;
				CODE_SIGN_STYLE = Automatic;
				INFOPLIST_FILE = Demo/Info.plist;
				LD_RUNPATH_SEARCH_PATHS = "$(inherited) @executable_path/Frameworks";
				PRODUCT_BUNDLE_IDENTIFIER = com.miguelrodriguezalonso.Demo;
				PRODUCT_NAME = "$(TARGET_NAME)";
				TARGETED_DEVICE_FAMILY = 1;
			};
			name = Debug;
		};
		498941552022484400F3B58D /* Release */ = {
			isa = XCBuildConfiguration;
			buildSettings = {
				ASSETCATALOG_COMPILER_APPICON_NAME = AppIcon;
				CODE_SIGN_STYLE = Automatic;
				INFOPLIST_FILE = Demo/Info.plist;
				LD_RUNPATH_SEARCH_PATHS = "$(inherited) @executable_path/Frameworks";
				PRODUCT_BUNDLE_IDENTIFIER = com.miguelrodriguezalonso.Demo;
				PRODUCT_NAME = "$(TARGET_NAME)";
				TARGETED_DEVICE_FAMILY = 1;
			};
			name = Release;
		};
		498941572022484400F3B58D /* Debug */ = {
			isa = XCBuildConfiguration;
			buildSettings = {
				BUNDLE_LOADER = "$(TEST_HOST)";
				CODE_SIGN_STYLE = Automatic;
				INFOPLIST_FILE = DemoTests/Info.plist;
				LD_RUNPATH_SEARCH_PATHS = "$(inherited) @executable_path/Frameworks @loader_path/Frameworks";
				PRODUCT_BUNDLE_IDENTIFIER = com.miguelrodriguezalonso.DemoTests;
				PRODUCT_NAME = "$(TARGET_NAME)";
				TARGETED_DEVICE_FAMILY = "1,2";
				TEST_HOST = "$(BUILT_PRODUCTS_DIR)/Demo.app/Demo";
			};
			name = Debug;
		};
		498941582022484400F3B58D /* Release */ = {
			isa = XCBuildConfiguration;
			buildSettings = {
				BUNDLE_LOADER = "$(TEST_HOST)";
				CODE_SIGN_STYLE = Automatic;
				INFOPLIST_FILE = DemoTests/Info.plist;
				LD_RUNPATH_SEARCH_PATHS = "$(inherited) @executable_path/Frameworks @loader_path/Frameworks";
				PRODUCT_BUNDLE_IDENTIFIER = com.miguelrodriguezalonso.DemoTests;
				PRODUCT_NAME = "$(TARGET_NAME)";
				TARGETED_DEVICE_FAMILY = "1,2";
				TEST_HOST = "$(BUILT_PRODUCTS_DIR)/Demo.app/Demo";
			};
			name = Release;
		};
		4989415A2022484400F3B58D /* Debug */ = {
			isa = XCBuildConfiguration;
			buildSettings = {
				CODE_SIGN_STYLE = Automatic;
				INFOPLIST_FILE = DemoUITests/Info.plist;
				LD_RUNPATH_SEARCH_PATHS = "$(inherited) @executable_path/Frameworks @loader_path/Frameworks";
				PRODUCT_BUNDLE_IDENTIFIER = com.miguelrodriguezalonso.DemoUITests;
				PRODUCT_NAME = "$(TARGET_NAME)";
				TARGETED_DEVICE_FAMILY = "1,2";
				TEST_TARGET_NAME = Demo;
			};
			name = Debug;
		};
		4989415B2022484400F3B58D /* Release */ = {
			isa = XCBuildConfiguration;
			buildSettings = {
				CODE_SIGN_STYLE = Automatic;
				INFOPLIST_FILE = DemoUITests/Info.plist;
				LD_RUNPATH_SEARCH_PATHS = "$(inherited) @executable_path/Frameworks @loader_path/Frameworks";
				PRODUCT_BUNDLE_IDENTIFIER = com.miguelrodriguezalonso.DemoUITests;
				PRODUCT_NAME = "$(TARGET_NAME)";
				TARGETED_DEVICE_FAMILY = "1,2";
				TEST_TARGET_NAME = Demo;
			};
			name = Release;
		};
/* End XCBuildConfiguration section */

/* Begin XCConfigurationList section */
		498941222022484400F3B58D /* Build configuration list for PBXProject "Demo" */ = {
			isa = XCConfigurationList;
			buildConfigurations = (
				498941512022484400F3B58D /* Debug */,
				498941522022484400F3B58D /* Release */,
			);
			defaultConfigurationIsVisible = 0;
			defaultConfigurationName = Release;
		};
		498941532022484400F3B58D /* Build configuration list for PBXNativeTarget "Demo" */ = {
			isa = XCConfigurationList;
			buildConfigurations = (
				498941542022484400F3B58D /* Debug */,
				498941552022484400F3B58D /* Release */,
			);
			defaultConfigurationIsVisible = 0;
			defaultConfigurationName = Release;
		};
		498941562022484400F3B58D /* Build configuration list for PBXNativeTarget "DemoTests" */ = {
			isa = XCConfigurationList;
			buildConfigurations = (
				498941572022484400F3B58D /* Debug */,
				498941582022484400F3B58D /* Release */,
			);
			defaultConfigurationIsVisible = 0;
			defaultConfigurationName = Release;
		};
		498941592022484400F3B58D /* Build configuration list for PBXNativeTarget "DemoUITests" */ = {
			isa = XCConfigurationList;
			buildConfigurations = (
				4989415A2022484400F3B58D /* Debug */,
				4989415B2022484400F3B58D /* Release */,
			);
			defaultConfigurationIsVisible = 0;
			defaultConfigurationName = Release;
		};
/* End XCConfigurationList section */
	};
	rootObject = 4989411F2022484400F3B58D /* Project object */;
}
